// !$*UTF8*$!
{
	archiveVersion = 1;
	classes = {
	};
	objectVersion = 46;
	objects = {

/* Begin PBXBuildFile section */
		9A3EDC691D856CAE00FEC67F /* SystemEventLogger.swift in Sources */ = {isa = PBXBuildFile; fileRef = 9A3EDC681D856CAE00FEC67F /* SystemEventLogger.swift */; };
		9A3EDC701D857B8200FEC67F /* ASLAttributeKey.swift in Sources */ = {isa = PBXBuildFile; fileRef = 9A3EDC6B1D857B8200FEC67F /* ASLAttributeKey.swift */; };
		9A3EDC711D857B8200FEC67F /* ASLClient.swift in Sources */ = {isa = PBXBuildFile; fileRef = 9A3EDC6C1D857B8200FEC67F /* ASLClient.swift */; };
		9A3EDC721D857B8200FEC67F /* ASLObject.swift in Sources */ = {isa = PBXBuildFile; fileRef = 9A3EDC6D1D857B8200FEC67F /* ASLObject.swift */; };
		9A3EDC731D857B8200FEC67F /* ASLPriorityLevel.swift in Sources */ = {isa = PBXBuildFile; fileRef = 9A3EDC6E1D857B8200FEC67F /* ASLPriorityLevel.swift */; };
		9A6C99451E07D9EE0079DD0E /* UInt32.swift in Sources */ = {isa = PBXBuildFile; fileRef = C4ED857A1D7B2862001297FD /* UInt32.swift */; };
		9A6C99461E07D9EE0079DD0E /* ASLClient.swift in Sources */ = {isa = PBXBuildFile; fileRef = 9A3EDC6C1D857B8200FEC67F /* ASLClient.swift */; };
		9A6C99471E07D9EE0079DD0E /* ASLObject.swift in Sources */ = {isa = PBXBuildFile; fileRef = 9A3EDC6D1D857B8200FEC67F /* ASLObject.swift */; };
		9A6C99481E07D9EE0079DD0E /* CPUInfo.swift in Sources */ = {isa = PBXBuildFile; fileRef = C4ED85721D7B1007001297FD /* CPUInfo.swift */; };
		9A6C99491E07D9EE0079DD0E /* MemoryProfiller.swift in Sources */ = {isa = PBXBuildFile; fileRef = 9AB77ED31D7833DA0081A829 /* MemoryProfiller.swift */; };
		9A6C994A1E07D9EE0079DD0E /* AppDelegate.swift in Sources */ = {isa = PBXBuildFile; fileRef = 9AC2CF9E1D76D9AD003755C6 /* AppDelegate.swift */; };
		9A6C994B1E07D9EE0079DD0E /* CPU.swift in Sources */ = {isa = PBXBuildFile; fileRef = C4ED85741D7B27FB001297FD /* CPU.swift */; };
		9A6C994C1E07D9EE0079DD0E /* Network.swift in Sources */ = {isa = PBXBuildFile; fileRef = C4ED857F1D7B29B0001297FD /* Network.swift */; };
		9A6C994D1E07D9EE0079DD0E /* CommonMacUtilies.m in Sources */ = {isa = PBXBuildFile; fileRef = 9AB77ED81D7847BC0081A829 /* CommonMacUtilies.m */; };
		9A6C994E1E07D9EE0079DD0E /* ProcessInfo.swift in Sources */ = {isa = PBXBuildFile; fileRef = C40B30071D7C691B00FAFE14 /* ProcessInfo.swift */; };
		9A6C994F1E07D9EE0079DD0E /* Timer.swift in Sources */ = {isa = PBXBuildFile; fileRef = C4ED85811D7B2D37001297FD /* Timer.swift */; };
		9A6C99501E07D9EE0079DD0E /* SysControlUtil.swift in Sources */ = {isa = PBXBuildFile; fileRef = 9AA8D6641D7737A400588820 /* SysControlUtil.swift */; };
		9A6C99511E07D9EE0079DD0E /* ASLAttributeKey.swift in Sources */ = {isa = PBXBuildFile; fileRef = 9A3EDC6B1D857B8200FEC67F /* ASLAttributeKey.swift */; };
		9A6C99521E07D9EE0079DD0E /* ASLPriorityLevel.swift in Sources */ = {isa = PBXBuildFile; fileRef = 9A3EDC6E1D857B8200FEC67F /* ASLPriorityLevel.swift */; };
		9A6C99531E07D9EE0079DD0E /* Int32.swift in Sources */ = {isa = PBXBuildFile; fileRef = C4ED85791D7B2862001297FD /* Int32.swift */; };
		9A6C99541E07D9EE0079DD0E /* CPUUsageController.m in Sources */ = {isa = PBXBuildFile; fileRef = 9A8A88121D79CDB7009A8926 /* CPUUsageController.m */; };
		9A6C99551E07D9EE0079DD0E /* UInt64.swift in Sources */ = {isa = PBXBuildFile; fileRef = C4ED857B1D7B2862001297FD /* UInt64.swift */; };
		9A6C99561E07D9EE0079DD0E /* SystemEventLogger.swift in Sources */ = {isa = PBXBuildFile; fileRef = 9A3EDC681D856CAE00FEC67F /* SystemEventLogger.swift */; };
		9A6C99571E07D9EE0079DD0E /* DataLogger.swift in Sources */ = {isa = PBXBuildFile; fileRef = 9AA8D6601D771F1500588820 /* DataLogger.swift */; };
		9A6C99581E07D9EE0079DD0E /* SystemInformationController.swift in Sources */ = {isa = PBXBuildFile; fileRef = 9AA8D65D1D771EE400588820 /* SystemInformationController.swift */; };
		9A6C99591E07D9EE0079DD0E /* DispalayCardController.swift in Sources */ = {isa = PBXBuildFile; fileRef = 9ABB80451D7877A100F3420C /* DispalayCardController.swift */; };
		9A6C995A1E07D9EE0079DD0E /* SMC.swift in Sources */ = {isa = PBXBuildFile; fileRef = 9A8A880D1D79C595009A8926 /* SMC.swift */; };
		9A6C995D1E07D9EE0079DD0E /* Assets.xcassets in Resources */ = {isa = PBXBuildFile; fileRef = 9AC2CFA01D76D9AD003755C6 /* Assets.xcassets */; };
		9A6C995E1E07D9EE0079DD0E /* MainMenu.xib in Resources */ = {isa = PBXBuildFile; fileRef = 9AC2CFA21D76D9AD003755C6 /* MainMenu.xib */; };
		9A6C996B1E07E1680079DD0E /* main.swift in Sources */ = {isa = PBXBuildFile; fileRef = 9A6C996A1E07E1680079DD0E /* main.swift */; };
		9A6C996F1E07E1F40079DD0E /* DataLogger.swift in Sources */ = {isa = PBXBuildFile; fileRef = 9AA8D6601D771F1500588820 /* DataLogger.swift */; };
		9A6C99701E07E21E0079DD0E /* SystemInformationController.swift in Sources */ = {isa = PBXBuildFile; fileRef = 9AA8D65D1D771EE400588820 /* SystemInformationController.swift */; };
		9A6C99711E07E2210079DD0E /* MemoryProfiller.swift in Sources */ = {isa = PBXBuildFile; fileRef = 9AB77ED31D7833DA0081A829 /* MemoryProfiller.swift */; };
		9A6C99721E07E2240079DD0E /* DispalayCardController.swift in Sources */ = {isa = PBXBuildFile; fileRef = 9ABB80451D7877A100F3420C /* DispalayCardController.swift */; };
		9A6C99731E07E2260079DD0E /* Network.swift in Sources */ = {isa = PBXBuildFile; fileRef = C4ED857F1D7B29B0001297FD /* Network.swift */; };
		9A6C99741E07E2290079DD0E /* CPUInfo.swift in Sources */ = {isa = PBXBuildFile; fileRef = C4ED85721D7B1007001297FD /* CPUInfo.swift */; };
		9A6C99751E07E22B0079DD0E /* Timer.swift in Sources */ = {isa = PBXBuildFile; fileRef = C4ED85811D7B2D37001297FD /* Timer.swift */; };
		9A6C99761E07E2310079DD0E /* ProcessInfo.swift in Sources */ = {isa = PBXBuildFile; fileRef = C40B30071D7C691B00FAFE14 /* ProcessInfo.swift */; };
		9A6C99771E07E2340079DD0E /* CommonMacUtilies.h in Sources */ = {isa = PBXBuildFile; fileRef = 9AB77ED71D7847BC0081A829 /* CommonMacUtilies.h */; };
		9A6C99781E07E2370079DD0E /* CommonMacUtilies.m in Sources */ = {isa = PBXBuildFile; fileRef = 9AB77ED81D7847BC0081A829 /* CommonMacUtilies.m */; };
		9A6C99791E07E23A0079DD0E /* CPUUsageController.h in Sources */ = {isa = PBXBuildFile; fileRef = 9A8A88111D79CDB7009A8926 /* CPUUsageController.h */; };
		9A6C997A1E07E23D0079DD0E /* CPUUsageController.m in Sources */ = {isa = PBXBuildFile; fileRef = 9A8A88121D79CDB7009A8926 /* CPUUsageController.m */; };
		9A6C997B1E07E2400079DD0E /* SysControlUtil.swift in Sources */ = {isa = PBXBuildFile; fileRef = 9AA8D6641D7737A400588820 /* SysControlUtil.swift */; };
		9A6C997C1E07E2430079DD0E /* SystemEventLogger.swift in Sources */ = {isa = PBXBuildFile; fileRef = 9A3EDC681D856CAE00FEC67F /* SystemEventLogger.swift */; };
		9A6C997D1E07E2460079DD0E /* ASLAttributeKey.swift in Sources */ = {isa = PBXBuildFile; fileRef = 9A3EDC6B1D857B8200FEC67F /* ASLAttributeKey.swift */; };
		9A6C997E1E07E2480079DD0E /* ASLClient.swift in Sources */ = {isa = PBXBuildFile; fileRef = 9A3EDC6C1D857B8200FEC67F /* ASLClient.swift */; };
		9A6C997F1E07E24A0079DD0E /* ASLObject.swift in Sources */ = {isa = PBXBuildFile; fileRef = 9A3EDC6D1D857B8200FEC67F /* ASLObject.swift */; };
		9A6C99801E07E24C0079DD0E /* ASLPriorityLevel.swift in Sources */ = {isa = PBXBuildFile; fileRef = 9A3EDC6E1D857B8200FEC67F /* ASLPriorityLevel.swift */; };
		9A6C99811E07E2570079DD0E /* SMC.swift in Sources */ = {isa = PBXBuildFile; fileRef = 9A8A880D1D79C595009A8926 /* SMC.swift */; };
		9A6C99831E07E2F80079DD0E /* CPU.swift in Sources */ = {isa = PBXBuildFile; fileRef = C4ED85741D7B27FB001297FD /* CPU.swift */; };
		9A6C99841E07E3070079DD0E /* Int32.swift in Sources */ = {isa = PBXBuildFile; fileRef = C4ED85791D7B2862001297FD /* Int32.swift */; };
		9A6C99851E07E3090079DD0E /* UInt32.swift in Sources */ = {isa = PBXBuildFile; fileRef = C4ED857A1D7B2862001297FD /* UInt32.swift */; };
		9A6C99861E07E30B0079DD0E /* UInt64.swift in Sources */ = {isa = PBXBuildFile; fileRef = C4ED857B1D7B2862001297FD /* UInt64.swift */; };
		9A8A88101D79C595009A8926 /* SMC.swift in Sources */ = {isa = PBXBuildFile; fileRef = 9A8A880D1D79C595009A8926 /* SMC.swift */; };
		9A8A88131D79CDB7009A8926 /* CPUUsageController.m in Sources */ = {isa = PBXBuildFile; fileRef = 9A8A88121D79CDB7009A8926 /* CPUUsageController.m */; };
		9AA8D65E1D771EE400588820 /* SystemInformationController.swift in Sources */ = {isa = PBXBuildFile; fileRef = 9AA8D65D1D771EE400588820 /* SystemInformationController.swift */; };
		9AA8D6611D771F1500588820 /* DataLogger.swift in Sources */ = {isa = PBXBuildFile; fileRef = 9AA8D6601D771F1500588820 /* DataLogger.swift */; };
		9AA8D6651D7737A400588820 /* SysControlUtil.swift in Sources */ = {isa = PBXBuildFile; fileRef = 9AA8D6641D7737A400588820 /* SysControlUtil.swift */; };
		9AB77ED41D7833DA0081A829 /* MemoryProfiller.swift in Sources */ = {isa = PBXBuildFile; fileRef = 9AB77ED31D7833DA0081A829 /* MemoryProfiller.swift */; };
		9AB77ED91D7847BC0081A829 /* CommonMacUtilies.m in Sources */ = {isa = PBXBuildFile; fileRef = 9AB77ED81D7847BC0081A829 /* CommonMacUtilies.m */; };
		9ABB80461D7877A100F3420C /* DispalayCardController.swift in Sources */ = {isa = PBXBuildFile; fileRef = 9ABB80451D7877A100F3420C /* DispalayCardController.swift */; };
		9AC2CF9F1D76D9AD003755C6 /* AppDelegate.swift in Sources */ = {isa = PBXBuildFile; fileRef = 9AC2CF9E1D76D9AD003755C6 /* AppDelegate.swift */; };
		9AC2CFA11D76D9AD003755C6 /* Assets.xcassets in Resources */ = {isa = PBXBuildFile; fileRef = 9AC2CFA01D76D9AD003755C6 /* Assets.xcassets */; };
		9AC2CFA41D76D9AD003755C6 /* MainMenu.xib in Resources */ = {isa = PBXBuildFile; fileRef = 9AC2CFA21D76D9AD003755C6 /* MainMenu.xib */; };
		C40B30081D7C691B00FAFE14 /* ProcessInfo.swift in Sources */ = {isa = PBXBuildFile; fileRef = C40B30071D7C691B00FAFE14 /* ProcessInfo.swift */; };
		C4ED85731D7B1007001297FD /* CPUInfo.swift in Sources */ = {isa = PBXBuildFile; fileRef = C4ED85721D7B1007001297FD /* CPUInfo.swift */; };
		C4ED85751D7B27FB001297FD /* CPU.swift in Sources */ = {isa = PBXBuildFile; fileRef = C4ED85741D7B27FB001297FD /* CPU.swift */; };
		C4ED857C1D7B2862001297FD /* Int32.swift in Sources */ = {isa = PBXBuildFile; fileRef = C4ED85791D7B2862001297FD /* Int32.swift */; };
		C4ED857D1D7B2862001297FD /* UInt32.swift in Sources */ = {isa = PBXBuildFile; fileRef = C4ED857A1D7B2862001297FD /* UInt32.swift */; };
		C4ED857E1D7B2862001297FD /* UInt64.swift in Sources */ = {isa = PBXBuildFile; fileRef = C4ED857B1D7B2862001297FD /* UInt64.swift */; };
		C4ED85801D7B29B0001297FD /* Network.swift in Sources */ = {isa = PBXBuildFile; fileRef = C4ED857F1D7B29B0001297FD /* Network.swift */; };
		C4ED85821D7B2D37001297FD /* Timer.swift in Sources */ = {isa = PBXBuildFile; fileRef = C4ED85811D7B2D37001297FD /* Timer.swift */; };
/* End PBXBuildFile section */

/* Begin PBXCopyFilesBuildPhase section */
		9A6C99661E07E1680079DD0E /* CopyFiles */ = {
			isa = PBXCopyFilesBuildPhase;
			buildActionMask = 2147483647;
			dstPath = /usr/share/man/man1/;
			dstSubfolderSpec = 0;
			files = (
			);
			runOnlyForDeploymentPostprocessing = 1;
		};
/* End PBXCopyFilesBuildPhase section */

/* Begin PBXFileReference section */
		9A3EDC681D856CAE00FEC67F /* SystemEventLogger.swift */ = {isa = PBXFileReference; fileEncoding = 4; lastKnownFileType = sourcecode.swift; path = SystemEventLogger.swift; sourceTree = "<group>"; };
		9A3EDC6B1D857B8200FEC67F /* ASLAttributeKey.swift */ = {isa = PBXFileReference; fileEncoding = 4; lastKnownFileType = sourcecode.swift; path = ASLAttributeKey.swift; sourceTree = "<group>"; };
		9A3EDC6C1D857B8200FEC67F /* ASLClient.swift */ = {isa = PBXFileReference; fileEncoding = 4; lastKnownFileType = sourcecode.swift; path = ASLClient.swift; sourceTree = "<group>"; };
		9A3EDC6D1D857B8200FEC67F /* ASLObject.swift */ = {isa = PBXFileReference; fileEncoding = 4; lastKnownFileType = sourcecode.swift; path = ASLObject.swift; sourceTree = "<group>"; };
		9A3EDC6E1D857B8200FEC67F /* ASLPriorityLevel.swift */ = {isa = PBXFileReference; fileEncoding = 4; lastKnownFileType = sourcecode.swift; path = ASLPriorityLevel.swift; sourceTree = "<group>"; };
		9A3EDC6F1D857B8200FEC67F /* README.md */ = {isa = PBXFileReference; fileEncoding = 4; lastKnownFileType = net.daringfireball.markdown; path = README.md; sourceTree = "<group>"; };
		9A6C99621E07D9EE0079DD0E /* Mac Configuration copy.app */ = {isa = PBXFileReference; explicitFileType = wrapper.application; includeInIndex = 0; path = "Mac Configuration copy.app"; sourceTree = BUILT_PRODUCTS_DIR; };
		9A6C99631E07D9EE0079DD0E /* Mac Configuration copy-Info.plist */ = {isa = PBXFileReference; lastKnownFileType = text.plist.xml; name = "Mac Configuration copy-Info.plist"; path = "/Users/satendrasingh/Documents/External/ATERA_MAC/Mac Configuration/Mac Configuration copy-Info.plist"; sourceTree = "<absolute>"; };
		9A6C99681E07E1680079DD0E /* MacConfig */ = {isa = PBXFileReference; explicitFileType = "compiled.mach-o.executable"; includeInIndex = 0; path = MacConfig; sourceTree = BUILT_PRODUCTS_DIR; };
		9A6C996A1E07E1680079DD0E /* main.swift */ = {isa = PBXFileReference; lastKnownFileType = sourcecode.swift; path = main.swift; sourceTree = "<group>"; };
		9A8A880C1D79C595009A8926 /* Info.plist */ = {isa = PBXFileReference; fileEncoding = 4; lastKnownFileType = text.plist.xml; path = Info.plist; sourceTree = "<group>"; };
		9A8A880D1D79C595009A8926 /* SMC.swift */ = {isa = PBXFileReference; fileEncoding = 4; lastKnownFileType = sourcecode.swift; path = SMC.swift; sourceTree = "<group>"; };
		9A8A880E1D79C595009A8926 /* SMCKit.h */ = {isa = PBXFileReference; fileEncoding = 4; lastKnownFileType = sourcecode.c.h; path = SMCKit.h; sourceTree = "<group>"; };
		9A8A88111D79CDB7009A8926 /* CPUUsageController.h */ = {isa = PBXFileReference; fileEncoding = 4; lastKnownFileType = sourcecode.c.h; path = CPUUsageController.h; sourceTree = "<group>"; };
		9A8A88121D79CDB7009A8926 /* CPUUsageController.m */ = {isa = PBXFileReference; fileEncoding = 4; lastKnownFileType = sourcecode.c.objc; path = CPUUsageController.m; sourceTree = "<group>"; };
		9AA8D65D1D771EE400588820 /* SystemInformationController.swift */ = {isa = PBXFileReference; fileEncoding = 4; lastKnownFileType = sourcecode.swift; path = SystemInformationController.swift; sourceTree = "<group>"; };
		9AA8D6601D771F1500588820 /* DataLogger.swift */ = {isa = PBXFileReference; fileEncoding = 4; lastKnownFileType = sourcecode.swift; path = DataLogger.swift; sourceTree = "<group>"; };
		9AA8D6621D772C0000588820 /* TODO_List.rtf */ = {isa = PBXFileReference; fileEncoding = 4; lastKnownFileType = text.rtf; path = TODO_List.rtf; sourceTree = "<group>"; };
		9AA8D6641D7737A400588820 /* SysControlUtil.swift */ = {isa = PBXFileReference; fileEncoding = 4; lastKnownFileType = sourcecode.swift; path = SysControlUtil.swift; sourceTree = "<group>"; };
		9AB77ED31D7833DA0081A829 /* MemoryProfiller.swift */ = {isa = PBXFileReference; fileEncoding = 4; lastKnownFileType = sourcecode.swift; path = MemoryProfiller.swift; sourceTree = "<group>"; };
		9AB77ED61D7847BC0081A829 /* Mac Configuration-Bridging-Header.h */ = {isa = PBXFileReference; lastKnownFileType = sourcecode.c.h; path = "Mac Configuration-Bridging-Header.h"; sourceTree = "<group>"; };
		9AB77ED71D7847BC0081A829 /* CommonMacUtilies.h */ = {isa = PBXFileReference; fileEncoding = 4; lastKnownFileType = sourcecode.c.h; path = CommonMacUtilies.h; sourceTree = "<group>"; };
		9AB77ED81D7847BC0081A829 /* CommonMacUtilies.m */ = {isa = PBXFileReference; fileEncoding = 4; lastKnownFileType = sourcecode.c.objc; path = CommonMacUtilies.m; sourceTree = "<group>"; };
		9ABB80451D7877A100F3420C /* DispalayCardController.swift */ = {isa = PBXFileReference; fileEncoding = 4; lastKnownFileType = sourcecode.swift; path = DispalayCardController.swift; sourceTree = "<group>"; };
		9AC2CF9B1D76D9AD003755C6 /* Mac Configuration.app */ = {isa = PBXFileReference; explicitFileType = wrapper.application; includeInIndex = 0; path = "Mac Configuration.app"; sourceTree = BUILT_PRODUCTS_DIR; };
		9AC2CF9E1D76D9AD003755C6 /* AppDelegate.swift */ = {isa = PBXFileReference; lastKnownFileType = sourcecode.swift; path = AppDelegate.swift; sourceTree = "<group>"; };
		9AC2CFA01D76D9AD003755C6 /* Assets.xcassets */ = {isa = PBXFileReference; lastKnownFileType = folder.assetcatalog; path = Assets.xcassets; sourceTree = "<group>"; };
		9AC2CFA31D76D9AD003755C6 /* Base */ = {isa = PBXFileReference; lastKnownFileType = file.xib; name = Base; path = Base.lproj/MainMenu.xib; sourceTree = "<group>"; };
		9AC2CFA51D76D9AD003755C6 /* Info.plist */ = {isa = PBXFileReference; lastKnownFileType = text.plist.xml; path = Info.plist; sourceTree = "<group>"; };
		C40B30071D7C691B00FAFE14 /* ProcessInfo.swift */ = {isa = PBXFileReference; fileEncoding = 4; lastKnownFileType = sourcecode.swift; path = ProcessInfo.swift; sourceTree = "<group>"; };
		C4ED85721D7B1007001297FD /* CPUInfo.swift */ = {isa = PBXFileReference; fileEncoding = 4; lastKnownFileType = sourcecode.swift; path = CPUInfo.swift; sourceTree = "<group>"; };
		C4ED85741D7B27FB001297FD /* CPU.swift */ = {isa = PBXFileReference; fileEncoding = 4; lastKnownFileType = sourcecode.swift; path = CPU.swift; sourceTree = "<group>"; };
		C4ED85791D7B2862001297FD /* Int32.swift */ = {isa = PBXFileReference; fileEncoding = 4; lastKnownFileType = sourcecode.swift; path = Int32.swift; sourceTree = "<group>"; };
		C4ED857A1D7B2862001297FD /* UInt32.swift */ = {isa = PBXFileReference; fileEncoding = 4; lastKnownFileType = sourcecode.swift; path = UInt32.swift; sourceTree = "<group>"; };
		C4ED857B1D7B2862001297FD /* UInt64.swift */ = {isa = PBXFileReference; fileEncoding = 4; lastKnownFileType = sourcecode.swift; path = UInt64.swift; sourceTree = "<group>"; };
		C4ED857F1D7B29B0001297FD /* Network.swift */ = {isa = PBXFileReference; fileEncoding = 4; lastKnownFileType = sourcecode.swift; path = Network.swift; sourceTree = "<group>"; };
		C4ED85811D7B2D37001297FD /* Timer.swift */ = {isa = PBXFileReference; fileEncoding = 4; lastKnownFileType = sourcecode.swift; path = Timer.swift; sourceTree = "<group>"; };
/* End PBXFileReference section */

/* Begin PBXFrameworksBuildPhase section */
		9A6C995B1E07D9EE0079DD0E /* Frameworks */ = {
			isa = PBXFrameworksBuildPhase;
			buildActionMask = 2147483647;
			files = (
			);
			runOnlyForDeploymentPostprocessing = 0;
		};
		9A6C99651E07E1680079DD0E /* Frameworks */ = {
			isa = PBXFrameworksBuildPhase;
			buildActionMask = 2147483647;
			files = (
			);
			runOnlyForDeploymentPostprocessing = 0;
		};
		9AC2CF981D76D9AD003755C6 /* Frameworks */ = {
			isa = PBXFrameworksBuildPhase;
			buildActionMask = 2147483647;
			files = (
			);
			runOnlyForDeploymentPostprocessing = 0;
		};
/* End PBXFrameworksBuildPhase section */

/* Begin PBXGroup section */
		9A3EDC6A1D857B8200FEC67F /* ALConsole */ = {
			isa = PBXGroup;
			children = (
				9A3EDC6B1D857B8200FEC67F /* ASLAttributeKey.swift */,
				9A3EDC6C1D857B8200FEC67F /* ASLClient.swift */,
				9A3EDC6D1D857B8200FEC67F /* ASLObject.swift */,
				9A3EDC6E1D857B8200FEC67F /* ASLPriorityLevel.swift */,
				9A3EDC6F1D857B8200FEC67F /* README.md */,
			);
			path = ALConsole;
			sourceTree = "<group>";
		};
		9A6C99691E07E1680079DD0E /* MacConfig */ = {
			isa = PBXGroup;
			children = (
				9A6C996A1E07E1680079DD0E /* main.swift */,
			);
			path = MacConfig;
			sourceTree = "<group>";
		};
		9A8A880B1D79C595009A8926 /* SMCKit */ = {
			isa = PBXGroup;
			children = (
				9A8A880C1D79C595009A8926 /* Info.plist */,
				9A8A880D1D79C595009A8926 /* SMC.swift */,
				9A8A880E1D79C595009A8926 /* SMCKit.h */,
			);
			name = SMCKit;
			path = UtilityClasses/SMCKit;
			sourceTree = "<group>";
		};
		9AA8D65F1D771F0400588820 /* DataLogging */ = {
			isa = PBXGroup;
			children = (
				9AA8D6601D771F1500588820 /* DataLogger.swift */,
			);
			path = DataLogging;
			sourceTree = "<group>";
		};
		9AC2CF921D76D9AC003755C6 = {
			isa = PBXGroup;
			children = (
				9AC2CF9D1D76D9AD003755C6 /* Mac Configuration */,
				9A6C99691E07E1680079DD0E /* MacConfig */,
				9AC2CF9C1D76D9AD003755C6 /* Products */,
				9A6C99631E07D9EE0079DD0E /* Mac Configuration copy-Info.plist */,
			);
			sourceTree = "<group>";
		};
		9AC2CF9C1D76D9AD003755C6 /* Products */ = {
			isa = PBXGroup;
			children = (
				9AC2CF9B1D76D9AD003755C6 /* Mac Configuration.app */,
				9A6C99621E07D9EE0079DD0E /* Mac Configuration copy.app */,
				9A6C99681E07E1680079DD0E /* MacConfig */,
			);
			name = Products;
			sourceTree = "<group>";
		};
		9AC2CF9D1D76D9AD003755C6 /* Mac Configuration */ = {
			isa = PBXGroup;
			children = (
				C4ED85781D7B2862001297FD /* Extensions */,
				9AA8D65F1D771F0400588820 /* DataLogging */,
				9AC2CFAB1D76DAE3003755C6 /* UtilityClasses */,
				9A8A880B1D79C595009A8926 /* SMCKit */,
				9AC2CF9E1D76D9AD003755C6 /* AppDelegate.swift */,
				9AC2CFA01D76D9AD003755C6 /* Assets.xcassets */,
				9AC2CFA21D76D9AD003755C6 /* MainMenu.xib */,
				9AC2CFA51D76D9AD003755C6 /* Info.plist */,
				9AA8D6621D772C0000588820 /* TODO_List.rtf */,
			);
			path = "Mac Configuration";
			sourceTree = "<group>";
		};
		9AC2CFAB1D76DAE3003755C6 /* UtilityClasses */ = {
			isa = PBXGroup;
			children = (
				9AA8D65D1D771EE400588820 /* SystemInformationController.swift */,
				9AB77ED31D7833DA0081A829 /* MemoryProfiller.swift */,
				9ABB80451D7877A100F3420C /* DispalayCardController.swift */,
				C4ED857F1D7B29B0001297FD /* Network.swift */,
				C4ED85721D7B1007001297FD /* CPUInfo.swift */,
				C4ED85811D7B2D37001297FD /* Timer.swift */,
				C4ED85741D7B27FB001297FD /* CPU.swift */,
				C40B30071D7C691B00FAFE14 /* ProcessInfo.swift */,
				9AB77ED71D7847BC0081A829 /* CommonMacUtilies.h */,
				9AB77ED81D7847BC0081A829 /* CommonMacUtilies.m */,
				9A8A88111D79CDB7009A8926 /* CPUUsageController.h */,
				9A8A88121D79CDB7009A8926 /* CPUUsageController.m */,
				9AA8D6641D7737A400588820 /* SysControlUtil.swift */,
				9A3EDC681D856CAE00FEC67F /* SystemEventLogger.swift */,
				9A3EDC6A1D857B8200FEC67F /* ALConsole */,
				9AB77ED61D7847BC0081A829 /* Mac Configuration-Bridging-Header.h */,
			);
			path = UtilityClasses;
			sourceTree = "<group>";
		};
		C4ED85781D7B2862001297FD /* Extensions */ = {
			isa = PBXGroup;
			children = (
				C4ED85791D7B2862001297FD /* Int32.swift */,
				C4ED857A1D7B2862001297FD /* UInt32.swift */,
				C4ED857B1D7B2862001297FD /* UInt64.swift */,
			);
			path = Extensions;
			sourceTree = "<group>";
		};
/* End PBXGroup section */

/* Begin PBXNativeTarget section */
		9A6C99431E07D9EE0079DD0E /* Mac Configuration copy */ = {
			isa = PBXNativeTarget;
			buildConfigurationList = 9A6C995F1E07D9EE0079DD0E /* Build configuration list for PBXNativeTarget "Mac Configuration copy" */;
			buildPhases = (
				9A6C99441E07D9EE0079DD0E /* Sources */,
				9A6C995B1E07D9EE0079DD0E /* Frameworks */,
				9A6C995C1E07D9EE0079DD0E /* Resources */,
			);
			buildRules = (
			);
			dependencies = (
			);
			name = "Mac Configuration copy";
			productName = "Mac Configuration";
			productReference = 9A6C99621E07D9EE0079DD0E /* Mac Configuration copy.app */;
			productType = "com.apple.product-type.application";
		};
		9A6C99671E07E1680079DD0E /* MacConfig */ = {
			isa = PBXNativeTarget;
			buildConfigurationList = 9A6C996C1E07E1680079DD0E /* Build configuration list for PBXNativeTarget "MacConfig" */;
			buildPhases = (
				9A6C99641E07E1680079DD0E /* Sources */,
				9A6C99651E07E1680079DD0E /* Frameworks */,
				9A6C99661E07E1680079DD0E /* CopyFiles */,
			);
			buildRules = (
			);
			dependencies = (
			);
			name = MacConfig;
			productName = MacConfig;
			productReference = 9A6C99681E07E1680079DD0E /* MacConfig */;
			productType = "com.apple.product-type.tool";
		};
		9AC2CF9A1D76D9AD003755C6 /* Mac Configuration */ = {
			isa = PBXNativeTarget;
			buildConfigurationList = 9AC2CFA81D76D9AD003755C6 /* Build configuration list for PBXNativeTarget "Mac Configuration" */;
			buildPhases = (
				9AC2CF971D76D9AD003755C6 /* Sources */,
				9AC2CF981D76D9AD003755C6 /* Frameworks */,
				9AC2CF991D76D9AD003755C6 /* Resources */,
			);
			buildRules = (
			);
			dependencies = (
			);
			name = "Mac Configuration";
			productName = "Mac Configuration";
			productReference = 9AC2CF9B1D76D9AD003755C6 /* Mac Configuration.app */;
			productType = "com.apple.product-type.application";
		};
/* End PBXNativeTarget section */

/* Begin PBXProject section */
		9AC2CF931D76D9AC003755C6 /* Project object */ = {
			isa = PBXProject;
			attributes = {
				LastSwiftUpdateCheck = 0820;
				LastUpgradeCheck = 0730;
				ORGANIZATIONNAME = "Satendra Singh";
				TargetAttributes = {
					9A6C99671E07E1680079DD0E = {
						CreatedOnToolsVersion = 8.2;
						ProvisioningStyle = Automatic;
					};
					9AC2CF9A1D76D9AD003755C6 = {
						CreatedOnToolsVersion = 7.3.1;
						LastSwiftMigration = 0800;
					};
				};
			};
			buildConfigurationList = 9AC2CF961D76D9AC003755C6 /* Build configuration list for PBXProject "Mac Configuration" */;
			compatibilityVersion = "Xcode 3.2";
			developmentRegion = English;
			hasScannedForEncodings = 0;
			knownRegions = (
				en,
				Base,
			);
			mainGroup = 9AC2CF921D76D9AC003755C6;
			productRefGroup = 9AC2CF9C1D76D9AD003755C6 /* Products */;
			projectDirPath = "";
			projectRoot = "";
			targets = (
				9AC2CF9A1D76D9AD003755C6 /* Mac Configuration */,
				9A6C99431E07D9EE0079DD0E /* Mac Configuration copy */,
				9A6C99671E07E1680079DD0E /* MacConfig */,
			);
		};
/* End PBXProject section */

/* Begin PBXResourcesBuildPhase section */
		9A6C995C1E07D9EE0079DD0E /* Resources */ = {
			isa = PBXResourcesBuildPhase;
			buildActionMask = 2147483647;
			files = (
				9A6C995D1E07D9EE0079DD0E /* Assets.xcassets in Resources */,
				9A6C995E1E07D9EE0079DD0E /* MainMenu.xib in Resources */,
			);
			runOnlyForDeploymentPostprocessing = 0;
		};
		9AC2CF991D76D9AD003755C6 /* Resources */ = {
			isa = PBXResourcesBuildPhase;
			buildActionMask = 2147483647;
			files = (
				9AC2CFA11D76D9AD003755C6 /* Assets.xcassets in Resources */,
				9AC2CFA41D76D9AD003755C6 /* MainMenu.xib in Resources */,
			);
			runOnlyForDeploymentPostprocessing = 0;
		};
/* End PBXResourcesBuildPhase section */

/* Begin PBXSourcesBuildPhase section */
		9A6C99441E07D9EE0079DD0E /* Sources */ = {
			isa = PBXSourcesBuildPhase;
			buildActionMask = 2147483647;
			files = (
				9A6C99451E07D9EE0079DD0E /* UInt32.swift in Sources */,
				9A6C99461E07D9EE0079DD0E /* ASLClient.swift in Sources */,
				9A6C99471E07D9EE0079DD0E /* ASLObject.swift in Sources */,
				9A6C99481E07D9EE0079DD0E /* CPUInfo.swift in Sources */,
				9A6C99491E07D9EE0079DD0E /* MemoryProfiller.swift in Sources */,
				9A6C994A1E07D9EE0079DD0E /* AppDelegate.swift in Sources */,
				9A6C994B1E07D9EE0079DD0E /* CPU.swift in Sources */,
				9A6C994C1E07D9EE0079DD0E /* Network.swift in Sources */,
				9A6C994D1E07D9EE0079DD0E /* CommonMacUtilies.m in Sources */,
				9A6C994E1E07D9EE0079DD0E /* ProcessInfo.swift in Sources */,
				9A6C994F1E07D9EE0079DD0E /* Timer.swift in Sources */,
				9A6C99501E07D9EE0079DD0E /* SysControlUtil.swift in Sources */,
				9A6C99511E07D9EE0079DD0E /* ASLAttributeKey.swift in Sources */,
				9A6C99521E07D9EE0079DD0E /* ASLPriorityLevel.swift in Sources */,
				9A6C99531E07D9EE0079DD0E /* Int32.swift in Sources */,
				9A6C99541E07D9EE0079DD0E /* CPUUsageController.m in Sources */,
				9A6C99551E07D9EE0079DD0E /* UInt64.swift in Sources */,
				9A6C99561E07D9EE0079DD0E /* SystemEventLogger.swift in Sources */,
				9A6C99571E07D9EE0079DD0E /* DataLogger.swift in Sources */,
				9A6C99581E07D9EE0079DD0E /* SystemInformationController.swift in Sources */,
				9A6C99591E07D9EE0079DD0E /* DispalayCardController.swift in Sources */,
				9A6C995A1E07D9EE0079DD0E /* SMC.swift in Sources */,
			);
			runOnlyForDeploymentPostprocessing = 0;
		};
		9A6C99641E07E1680079DD0E /* Sources */ = {
			isa = PBXSourcesBuildPhase;
			buildActionMask = 2147483647;
			files = (
				9A6C99861E07E30B0079DD0E /* UInt64.swift in Sources */,
				9A6C99851E07E3090079DD0E /* UInt32.swift in Sources */,
				9A6C99841E07E3070079DD0E /* Int32.swift in Sources */,
				9A6C99751E07E22B0079DD0E /* Timer.swift in Sources */,
				9A6C99711E07E2210079DD0E /* MemoryProfiller.swift in Sources */,
				9A6C996B1E07E1680079DD0E /* main.swift in Sources */,
				9A6C996F1E07E1F40079DD0E /* DataLogger.swift in Sources */,
				9A6C99721E07E2240079DD0E /* DispalayCardController.swift in Sources */,
				9A6C99731E07E2260079DD0E /* Network.swift in Sources */,
				9A6C99701E07E21E0079DD0E /* SystemInformationController.swift in Sources */,
				9A6C99761E07E2310079DD0E /* ProcessInfo.swift in Sources */,
				9A6C99771E07E2340079DD0E /* CommonMacUtilies.h in Sources */,
				9A6C99791E07E23A0079DD0E /* CPUUsageController.h in Sources */,
				9A6C99781E07E2370079DD0E /* CommonMacUtilies.m in Sources */,
				9A6C997A1E07E23D0079DD0E /* CPUUsageController.m in Sources */,
				9A6C99741E07E2290079DD0E /* CPUInfo.swift in Sources */,
				9A6C99831E07E2F80079DD0E /* CPU.swift in Sources */,
				9A6C997B1E07E2400079DD0E /* SysControlUtil.swift in Sources */,
				9A6C997D1E07E2460079DD0E /* ASLAttributeKey.swift in Sources */,
				9A6C997E1E07E2480079DD0E /* ASLClient.swift in Sources */,
				9A6C99801E07E24C0079DD0E /* ASLPriorityLevel.swift in Sources */,
				9A6C997F1E07E24A0079DD0E /* ASLObject.swift in Sources */,
				9A6C997C1E07E2430079DD0E /* SystemEventLogger.swift in Sources */,
				9A6C99811E07E2570079DD0E /* SMC.swift in Sources */,
			);
			runOnlyForDeploymentPostprocessing = 0;
		};
		9AC2CF971D76D9AD003755C6 /* Sources */ = {
			isa = PBXSourcesBuildPhase;
			buildActionMask = 2147483647;
			files = (
				C4ED857D1D7B2862001297FD /* UInt32.swift in Sources */,
				9A3EDC711D857B8200FEC67F /* ASLClient.swift in Sources */,
				9A3EDC721D857B8200FEC67F /* ASLObject.swift in Sources */,
				C4ED85731D7B1007001297FD /* CPUInfo.swift in Sources */,
				9AB77ED41D7833DA0081A829 /* MemoryProfiller.swift in Sources */,
				9AC2CF9F1D76D9AD003755C6 /* AppDelegate.swift in Sources */,
				C4ED85751D7B27FB001297FD /* CPU.swift in Sources */,
				C4ED85801D7B29B0001297FD /* Network.swift in Sources */,
				9AB77ED91D7847BC0081A829 /* CommonMacUtilies.m in Sources */,
				C40B30081D7C691B00FAFE14 /* ProcessInfo.swift in Sources */,
				C4ED85821D7B2D37001297FD /* Timer.swift in Sources */,
				9AA8D6651D7737A400588820 /* SysControlUtil.swift in Sources */,
				9A3EDC701D857B8200FEC67F /* ASLAttributeKey.swift in Sources */,
				9A3EDC731D857B8200FEC67F /* ASLPriorityLevel.swift in Sources */,
				C4ED857C1D7B2862001297FD /* Int32.swift in Sources */,
				9A8A88131D79CDB7009A8926 /* CPUUsageController.m in Sources */,
				C4ED857E1D7B2862001297FD /* UInt64.swift in Sources */,
				9A3EDC691D856CAE00FEC67F /* SystemEventLogger.swift in Sources */,
				9AA8D6611D771F1500588820 /* DataLogger.swift in Sources */,
				9AA8D65E1D771EE400588820 /* SystemInformationController.swift in Sources */,
				9ABB80461D7877A100F3420C /* DispalayCardController.swift in Sources */,
				9A8A88101D79C595009A8926 /* SMC.swift in Sources */,
			);
			runOnlyForDeploymentPostprocessing = 0;
		};
/* End PBXSourcesBuildPhase section */

/* Begin PBXVariantGroup section */
		9AC2CFA21D76D9AD003755C6 /* MainMenu.xib */ = {
			isa = PBXVariantGroup;
			children = (
				9AC2CFA31D76D9AD003755C6 /* Base */,
			);
			name = MainMenu.xib;
			sourceTree = "<group>";
		};
/* End PBXVariantGroup section */

/* Begin XCBuildConfiguration section */
		9A6C99601E07D9EE0079DD0E /* Debug */ = {
			isa = XCBuildConfiguration;
			buildSettings = {
				ASSETCATALOG_COMPILER_APPICON_NAME = AppIcon;
				CLANG_ENABLE_MODULES = YES;
				COMBINE_HIDPI_IMAGES = YES;
				INFOPLIST_FILE = "Mac Configuration copy-Info.plist";
				LD_RUNPATH_SEARCH_PATHS = "$(inherited) @executable_path/../Frameworks";
				PRODUCT_BUNDLE_IDENTIFIER = "com.corebits.Mac-Configuration";
				PRODUCT_NAME = "$(TARGET_NAME)";
				SWIFT_OBJC_BRIDGING_HEADER = "Mac Configuration/UtilityClasses/Mac Configuration-Bridging-Header.h";
				SWIFT_OPTIMIZATION_LEVEL = "-Onone";
				SWIFT_VERSION = 2.3;
			};
			name = Debug;
		};
		9A6C99611E07D9EE0079DD0E /* Release */ = {
			isa = XCBuildConfiguration;
			buildSettings = {
				ASSETCATALOG_COMPILER_APPICON_NAME = AppIcon;
				CLANG_ENABLE_MODULES = YES;
				COMBINE_HIDPI_IMAGES = YES;
				INFOPLIST_FILE = "Mac Configuration copy-Info.plist";
				LD_RUNPATH_SEARCH_PATHS = "$(inherited) @executable_path/../Frameworks";
				PRODUCT_BUNDLE_IDENTIFIER = "com.corebits.Mac-Configuration";
				PRODUCT_NAME = "$(TARGET_NAME)";
				SWIFT_OBJC_BRIDGING_HEADER = "Mac Configuration/UtilityClasses/Mac Configuration-Bridging-Header.h";
				SWIFT_VERSION = 2.3;
			};
			name = Release;
		};
		9A6C996D1E07E1680079DD0E /* Debug */ = {
			isa = XCBuildConfiguration;
			buildSettings = {
				CLANG_WARN_DOCUMENTATION_COMMENTS = YES;
				CLANG_WARN_INFINITE_RECURSION = YES;
				CLANG_WARN_SUSPICIOUS_MOVE = YES;
				MACOSX_DEPLOYMENT_TARGET = 10.12;
				PRODUCT_NAME = "$(TARGET_NAME)";
				SWIFT_OBJC_BRIDGING_HEADER = "Mac Configuration/UtilityClasses/Mac Configuration-Bridging-Header.h";
				SWIFT_VERSION = 2.3;
			};
			name = Debug;
		};
		9A6C996E1E07E1680079DD0E /* Release */ = {
			isa = XCBuildConfiguration;
			buildSettings = {
				CLANG_WARN_DOCUMENTATION_COMMENTS = YES;
				CLANG_WARN_INFINITE_RECURSION = YES;
				CLANG_WARN_SUSPICIOUS_MOVE = YES;
				MACOSX_DEPLOYMENT_TARGET = 10.12;
				PRODUCT_NAME = "$(TARGET_NAME)";
				SWIFT_OBJC_BRIDGING_HEADER = "Mac Configuration/UtilityClasses/Mac Configuration-Bridging-Header.h";
				SWIFT_VERSION = 2.3;
			};
			name = Release;
		};
		9AC2CFA61D76D9AD003755C6 /* Debug */ = {
			isa = XCBuildConfiguration;
			buildSettings = {
				ALWAYS_SEARCH_USER_PATHS = NO;
				CLANG_ANALYZER_NONNULL = YES;
				CLANG_CXX_LANGUAGE_STANDARD = "gnu++0x";
				CLANG_CXX_LIBRARY = "libc++";
				CLANG_ENABLE_MODULES = YES;
				CLANG_ENABLE_OBJC_ARC = YES;
				CLANG_WARN_BOOL_CONVERSION = YES;
				CLANG_WARN_CONSTANT_CONVERSION = YES;
				CLANG_WARN_DIRECT_OBJC_ISA_USAGE = YES_ERROR;
				CLANG_WARN_EMPTY_BODY = YES;
				CLANG_WARN_ENUM_CONVERSION = YES;
				CLANG_WARN_INT_CONVERSION = YES;
				CLANG_WARN_OBJC_ROOT_CLASS = YES_ERROR;
				CLANG_WARN_UNREACHABLE_CODE = YES;
				CLANG_WARN__DUPLICATE_METHOD_MATCH = YES;
				CODE_SIGN_IDENTITY = "-";
				COPY_PHASE_STRIP = NO;
				DEBUG_INFORMATION_FORMAT = dwarf;
				ENABLE_STRICT_OBJC_MSGSEND = YES;
				ENABLE_TESTABILITY = YES;
				GCC_C_LANGUAGE_STANDARD = gnu99;
				GCC_DYNAMIC_NO_PIC = NO;
				GCC_NO_COMMON_BLOCKS = YES;
				GCC_OPTIMIZATION_LEVEL = 0;
				GCC_PREPROCESSOR_DEFINITIONS = (
					"DEBUG=1",
					"$(inherited)",
				);
				GCC_WARN_64_TO_32_BIT_CONVERSION = YES;
				GCC_WARN_ABOUT_RETURN_TYPE = YES_ERROR;
				GCC_WARN_UNDECLARED_SELECTOR = YES;
				GCC_WARN_UNINITIALIZED_AUTOS = YES_AGGRESSIVE;
				GCC_WARN_UNUSED_FUNCTION = YES;
				GCC_WARN_UNUSED_VARIABLE = YES;
				MACOSX_DEPLOYMENT_TARGET = 10.11;
				MTL_ENABLE_DEBUG_INFO = YES;
				ONLY_ACTIVE_ARCH = YES;
				SDKROOT = macosx;
				SWIFT_OPTIMIZATION_LEVEL = "-Onone";
			};
			name = Debug;
		};
		9AC2CFA71D76D9AD003755C6 /* Release */ = {
			isa = XCBuildConfiguration;
			buildSettings = {
				ALWAYS_SEARCH_USER_PATHS = NO;
				CLANG_ANALYZER_NONNULL = YES;
				CLANG_CXX_LANGUAGE_STANDARD = "gnu++0x";
				CLANG_CXX_LIBRARY = "libc++";
				CLANG_ENABLE_MODULES = YES;
				CLANG_ENABLE_OBJC_ARC = YES;
				CLANG_WARN_BOOL_CONVERSION = YES;
				CLANG_WARN_CONSTANT_CONVERSION = YES;
				CLANG_WARN_DIRECT_OBJC_ISA_USAGE = YES_ERROR;
				CLANG_WARN_EMPTY_BODY = YES;
				CLANG_WARN_ENUM_CONVERSION = YES;
				CLANG_WARN_INT_CONVERSION = YES;
				CLANG_WARN_OBJC_ROOT_CLASS = YES_ERROR;
				CLANG_WARN_UNREACHABLE_CODE = YES;
				CLANG_WARN__DUPLICATE_METHOD_MATCH = YES;
				CODE_SIGN_IDENTITY = "-";
				COPY_PHASE_STRIP = NO;
				DEBUG_INFORMATION_FORMAT = "dwarf-with-dsym";
				ENABLE_NS_ASSERTIONS = NO;
				ENABLE_STRICT_OBJC_MSGSEND = YES;
				GCC_C_LANGUAGE_STANDARD = gnu99;
				GCC_NO_COMMON_BLOCKS = YES;
				GCC_WARN_64_TO_32_BIT_CONVERSION = YES;
				GCC_WARN_ABOUT_RETURN_TYPE = YES_ERROR;
				GCC_WARN_UNDECLARED_SELECTOR = YES;
				GCC_WARN_UNINITIALIZED_AUTOS = YES_AGGRESSIVE;
				GCC_WARN_UNUSED_FUNCTION = YES;
				GCC_WARN_UNUSED_VARIABLE = YES;
				MACOSX_DEPLOYMENT_TARGET = 10.11;
				MTL_ENABLE_DEBUG_INFO = NO;
				SDKROOT = macosx;
			};
			name = Release;
		};
		9AC2CFA91D76D9AD003755C6 /* Debug */ = {
			isa = XCBuildConfiguration;
			buildSettings = {
				ASSETCATALOG_COMPILER_APPICON_NAME = AppIcon;
				CLANG_ENABLE_MODULES = YES;
				COMBINE_HIDPI_IMAGES = YES;
				INFOPLIST_FILE = "Mac Configuration/Info.plist";
				LD_RUNPATH_SEARCH_PATHS = "$(inherited) @executable_path/../Frameworks";
				PRODUCT_BUNDLE_IDENTIFIER = "com.corebits.Mac-Configuration";
				PRODUCT_NAME = "$(TARGET_NAME)";
				SWIFT_OBJC_BRIDGING_HEADER = "Mac Configuration/UtilityClasses/Mac Configuration-Bridging-Header.h";
				SWIFT_OPTIMIZATION_LEVEL = "-Onone";
				SWIFT_VERSION = 2.3;
			};
			name = Debug;
		};
		9AC2CFAA1D76D9AD003755C6 /* Release */ = {
			isa = XCBuildConfiguration;
			buildSettings = {
				ASSETCATALOG_COMPILER_APPICON_NAME = AppIcon;
				CLANG_ENABLE_MODULES = YES;
				COMBINE_HIDPI_IMAGES = YES;
				INFOPLIST_FILE = "Mac Configuration/Info.plist";
				LD_RUNPATH_SEARCH_PATHS = "$(inherited) @executable_path/../Frameworks";
				PRODUCT_BUNDLE_IDENTIFIER = "com.corebits.Mac-Configuration";
				PRODUCT_NAME = "$(TARGET_NAME)";
				SWIFT_OBJC_BRIDGING_HEADER = "Mac Configuration/UtilityClasses/Mac Configuration-Bridging-Header.h";
				SWIFT_VERSION = 2.3;
			};
			name = Release;
		};
/* End XCBuildConfiguration section */

/* Begin XCConfigurationList section */
		9A6C995F1E07D9EE0079DD0E /* Build configuration list for PBXNativeTarget "Mac Configuration copy" */ = {
			isa = XCConfigurationList;
			buildConfigurations = (
				9A6C99601E07D9EE0079DD0E /* Debug */,
				9A6C99611E07D9EE0079DD0E /* Release */,
			);
			defaultConfigurationIsVisible = 0;
			defaultConfigurationName = Release;
		};
		9A6C996C1E07E1680079DD0E /* Build configuration list for PBXNativeTarget "MacConfig" */ = {
			isa = XCConfigurationList;
			buildConfigurations = (
				9A6C996D1E07E1680079DD0E /* Debug */,
				9A6C996E1E07E1680079DD0E /* Release */,
			);
			defaultConfigurationIsVisible = 0;
		};
		9AC2CF961D76D9AC003755C6 /* Build configuration list for PBXProject "Mac Configuration" */ = {
			isa = XCConfigurationList;
			buildConfigurations = (
				9AC2CFA61D76D9AD003755C6 /* Debug */,
				9AC2CFA71D76D9AD003755C6 /* Release */,
			);
			defaultConfigurationIsVisible = 0;
			defaultConfigurationName = Release;
		};
		9AC2CFA81D76D9AD003755C6 /* Build configuration list for PBXNativeTarget "Mac Configuration" */ = {
			isa = XCConfigurationList;
			buildConfigurations = (
				9AC2CFA91D76D9AD003755C6 /* Debug */,
				9AC2CFAA1D76D9AD003755C6 /* Release */,
			);
			defaultConfigurationIsVisible = 0;
			defaultConfigurationName = Release;
		};
/* End XCConfigurationList section */
	};
	rootObject = 9AC2CF931D76D9AC003755C6 /* Project object */;
}
